
Microsoft Visual Studio Solution File, Format Version 12.00
# Visual Studio 2013
VisualStudioVersion = 12.0.40629.0
MinimumVisualStudioVersion = 10.0.40219.1
Project("{FAE04EC0-301F-11D3-BF4B-00C04F79EFBC}") = "Pulsar4X.UI", "Pulsar4X.UI\Pulsar4X.UI.csproj", "{F5FC84D7-A87C-FB4E-89AA-FE2E6D75EB65}"
	ProjectSection(ProjectDependencies) = postProject
		{E716FA06-ECDF-B446-96B4-B790AAB5713B} = {E716FA06-ECDF-B446-96B4-B790AAB5713B}
		{BFAAE0E4-05BF-4D42-8411-A92CA05A39E2} = {BFAAE0E4-05BF-4D42-8411-A92CA05A39E2}
	EndProjectSection
EndProject
Project("{FAE04EC0-301F-11D3-BF4B-00C04F79EFBC}") = "Pulsar4X.Lib", "Pulsar4X.Lib\Pulsar4X.Lib.csproj", "{BFAAE0E4-05BF-4D42-8411-A92CA05A39E2}"
EndProject
Project("{FAE04EC0-301F-11D3-BF4B-00C04F79EFBC}") = "Pulsar4X.Tests", "Pulsar4X.Tests\Pulsar4X.Tests.csproj", "{DBB8EAB5-4DBD-B54F-94C3-3B2EEA3C8B4E}"
	ProjectSection(ProjectDependencies) = postProject
		{E716FA06-ECDF-B446-96B4-B790AAB5713B} = {E716FA06-ECDF-B446-96B4-B790AAB5713B}
		{BFAAE0E4-05BF-4D42-8411-A92CA05A39E2} = {BFAAE0E4-05BF-4D42-8411-A92CA05A39E2}
	EndProjectSection
EndProject
Project("{FAE04EC0-301F-11D3-BF4B-00C04F79EFBC}") = "Pulsar4X.ECSLib", "Pulsar4X.ECSLib\Pulsar4X.ECSLib.csproj", "{E716FA06-ECDF-B446-96B4-B790AAB5713B}"
EndProject
Project("{FAE04EC0-301F-11D3-BF4B-00C04F79EFBC}") = "Pulsar4X.WPFUI", "Pulsar4X.WPFUI\Pulsar4X.WPFUI.csproj", "{76508ABF-600E-4B86-9764-DB82D4E429B0}"
EndProject
Project("{FAE04EC0-301F-11D3-BF4B-00C04F79EFBC}") = "ModdingTools.JsonDataEditor", "ModdingTools.JsonDataEditor\ModdingTools.JsonDataEditor.csproj", "{12B34A79-0285-41C9-9BAD-7902E562234D}"
EndProject
Project("{FAE04EC0-301F-11D3-BF4B-00C04F79EFBC}") = "ModdingTools.JsonDataEditor2", "ModdingTools.JsonDataEditor2\ModdingTools.JsonDataEditor2.csproj", "{A0640FA3-FAAB-4BCD-A845-548D0967009C}"
EndProject
Project("{FAE04EC0-301F-11D3-BF4B-00C04F79EFBC}") = "Pulsar4x.ViewModels", "ViewModelLib\Pulsar4x.ViewModels.csproj", "{37F5B88B-F1AA-410E-9FCB-4CA26A4DD887}"
EndProject
Global
	GlobalSection(SolutionConfigurationPlatforms) = preSolution
		Debug (No Tests|Any CPU = Debug (No Tests|Any CPU
		Debug (No Tests|Mixed Platforms = Debug (No Tests|Mixed Platforms
		Debug (No Tests|x86 = Debug (No Tests|x86
		Debug|Any CPU = Debug|Any CPU
		Debug|Mixed Platforms = Debug|Mixed Platforms
		Debug|x86 = Debug|x86
		Release|Any CPU = Release|Any CPU
		Release|Mixed Platforms = Release|Mixed Platforms
		Release|x86 = Release|x86
	EndGlobalSection
	GlobalSection(ProjectConfigurationPlatforms) = postSolution
		{F5FC84D7-A87C-FB4E-89AA-FE2E6D75EB65}.Debug (No Tests|Any CPU.ActiveCfg = Debug (No Tests|Any CPU
		{F5FC84D7-A87C-FB4E-89AA-FE2E6D75EB65}.Debug (No Tests|Any CPU.Build.0 = Debug (No Tests|Any CPU
		{F5FC84D7-A87C-FB4E-89AA-FE2E6D75EB65}.Debug (No Tests|Mixed Platforms.ActiveCfg = Debug (No Tests|Any CPU
		{F5FC84D7-A87C-FB4E-89AA-FE2E6D75EB65}.Debug (No Tests|x86.ActiveCfg = Debug (No Tests|Any CPU
		{F5FC84D7-A87C-FB4E-89AA-FE2E6D75EB65}.Debug|Any CPU.ActiveCfg = Debug|Any CPU
		{F5FC84D7-A87C-FB4E-89AA-FE2E6D75EB65}.Debug|Any CPU.Build.0 = Debug|Any CPU
		{F5FC84D7-A87C-FB4E-89AA-FE2E6D75EB65}.Debug|Mixed Platforms.ActiveCfg = Debug|Any CPU
		{F5FC84D7-A87C-FB4E-89AA-FE2E6D75EB65}.Debug|x86.ActiveCfg = Debug|Any CPU
		{F5FC84D7-A87C-FB4E-89AA-FE2E6D75EB65}.Release|Any CPU.ActiveCfg = Release|Any CPU
		{F5FC84D7-A87C-FB4E-89AA-FE2E6D75EB65}.Release|Any CPU.Build.0 = Release|Any CPU
		{F5FC84D7-A87C-FB4E-89AA-FE2E6D75EB65}.Release|Mixed Platforms.ActiveCfg = Release|Any CPU
		{F5FC84D7-A87C-FB4E-89AA-FE2E6D75EB65}.Release|x86.ActiveCfg = Release|Any CPU
		{BFAAE0E4-05BF-4D42-8411-A92CA05A39E2}.Debug (No Tests|Any CPU.ActiveCfg = Debug (No Tests|Any CPU
		{BFAAE0E4-05BF-4D42-8411-A92CA05A39E2}.Debug (No Tests|Any CPU.Build.0 = Debug (No Tests|Any CPU
		{BFAAE0E4-05BF-4D42-8411-A92CA05A39E2}.Debug (No Tests|Mixed Platforms.ActiveCfg = Debug (No Tests|Any CPU
		{BFAAE0E4-05BF-4D42-8411-A92CA05A39E2}.Debug (No Tests|x86.ActiveCfg = Debug (No Tests|Any CPU
		{BFAAE0E4-05BF-4D42-8411-A92CA05A39E2}.Debug|Any CPU.ActiveCfg = Debug|Any CPU
		{BFAAE0E4-05BF-4D42-8411-A92CA05A39E2}.Debug|Any CPU.Build.0 = Debug|Any CPU
		{BFAAE0E4-05BF-4D42-8411-A92CA05A39E2}.Debug|Mixed Platforms.ActiveCfg = Debug|Any CPU
		{BFAAE0E4-05BF-4D42-8411-A92CA05A39E2}.Debug|Mixed Platforms.Build.0 = Debug|Any CPU
		{BFAAE0E4-05BF-4D42-8411-A92CA05A39E2}.Debug|x86.ActiveCfg = Debug|Any CPU
		{BFAAE0E4-05BF-4D42-8411-A92CA05A39E2}.Release|Any CPU.ActiveCfg = Release|Any CPU
		{BFAAE0E4-05BF-4D42-8411-A92CA05A39E2}.Release|Any CPU.Build.0 = Release|Any CPU
		{BFAAE0E4-05BF-4D42-8411-A92CA05A39E2}.Release|Mixed Platforms.ActiveCfg = Release|Any CPU
		{BFAAE0E4-05BF-4D42-8411-A92CA05A39E2}.Release|x86.ActiveCfg = Release|Any CPU
		{DBB8EAB5-4DBD-B54F-94C3-3B2EEA3C8B4E}.Debug (No Tests|Any CPU.ActiveCfg = Debug (No Tests|Any CPU
		{DBB8EAB5-4DBD-B54F-94C3-3B2EEA3C8B4E}.Debug (No Tests|Any CPU.Build.0 = Debug (No Tests|Any CPU
		{DBB8EAB5-4DBD-B54F-94C3-3B2EEA3C8B4E}.Debug (No Tests|Mixed Platforms.ActiveCfg = Debug (No Tests|Any CPU
		{DBB8EAB5-4DBD-B54F-94C3-3B2EEA3C8B4E}.Debug (No Tests|x86.ActiveCfg = Debug (No Tests|Any CPU
		{DBB8EAB5-4DBD-B54F-94C3-3B2EEA3C8B4E}.Debug|Any CPU.ActiveCfg = Debug|Any CPU
		{DBB8EAB5-4DBD-B54F-94C3-3B2EEA3C8B4E}.Debug|Any CPU.Build.0 = Debug|Any CPU
		{DBB8EAB5-4DBD-B54F-94C3-3B2EEA3C8B4E}.Debug|Mixed Platforms.ActiveCfg = Debug|Any CPU
		{DBB8EAB5-4DBD-B54F-94C3-3B2EEA3C8B4E}.Debug|Mixed Platforms.Build.0 = Debug|Any CPU
		{DBB8EAB5-4DBD-B54F-94C3-3B2EEA3C8B4E}.Debug|x86.ActiveCfg = Debug|Any CPU
		{DBB8EAB5-4DBD-B54F-94C3-3B2EEA3C8B4E}.Release|Any CPU.ActiveCfg = Release|Any CPU
		{DBB8EAB5-4DBD-B54F-94C3-3B2EEA3C8B4E}.Release|Any CPU.Build.0 = Release|Any CPU
		{DBB8EAB5-4DBD-B54F-94C3-3B2EEA3C8B4E}.Release|Mixed Platforms.ActiveCfg = Release|Any CPU
		{DBB8EAB5-4DBD-B54F-94C3-3B2EEA3C8B4E}.Release|Mixed Platforms.Build.0 = Release|Any CPU
		{DBB8EAB5-4DBD-B54F-94C3-3B2EEA3C8B4E}.Release|x86.ActiveCfg = Release|Any CPU
		{E716FA06-ECDF-B446-96B4-B790AAB5713B}.Debug (No Tests|Any CPU.ActiveCfg = Debug (No Tests|Any CPU
		{E716FA06-ECDF-B446-96B4-B790AAB5713B}.Debug (No Tests|Any CPU.Build.0 = Debug (No Tests|Any CPU
		{E716FA06-ECDF-B446-96B4-B790AAB5713B}.Debug (No Tests|Mixed Platforms.ActiveCfg = Debug (No Tests|Any CPU
		{E716FA06-ECDF-B446-96B4-B790AAB5713B}.Debug (No Tests|Mixed Platforms.Build.0 = Debug (No Tests|Any CPU
		{E716FA06-ECDF-B446-96B4-B790AAB5713B}.Debug (No Tests|x86.ActiveCfg = Debug (No Tests|Any CPU
		{E716FA06-ECDF-B446-96B4-B790AAB5713B}.Debug|Any CPU.ActiveCfg = Debug|Any CPU
		{E716FA06-ECDF-B446-96B4-B790AAB5713B}.Debug|Any CPU.Build.0 = Debug|Any CPU
		{E716FA06-ECDF-B446-96B4-B790AAB5713B}.Debug|Mixed Platforms.ActiveCfg = Debug|Any CPU
		{E716FA06-ECDF-B446-96B4-B790AAB5713B}.Debug|Mixed Platforms.Build.0 = Debug|Any CPU
		{E716FA06-ECDF-B446-96B4-B790AAB5713B}.Debug|x86.ActiveCfg = Debug|Any CPU
		{E716FA06-ECDF-B446-96B4-B790AAB5713B}.Release|Any CPU.ActiveCfg = Release|Any CPU
		{E716FA06-ECDF-B446-96B4-B790AAB5713B}.Release|Any CPU.Build.0 = Release|Any CPU
		{E716FA06-ECDF-B446-96B4-B790AAB5713B}.Release|Mixed Platforms.ActiveCfg = Release|Any CPU
		{E716FA06-ECDF-B446-96B4-B790AAB5713B}.Release|Mixed Platforms.Build.0 = Release|Any CPU
		{E716FA06-ECDF-B446-96B4-B790AAB5713B}.Release|x86.ActiveCfg = Release|Any CPU
		{76508ABF-600E-4B86-9764-DB82D4E429B0}.Debug (No Tests|Any CPU.ActiveCfg = Debug (No Tests|Any CPU
		{76508ABF-600E-4B86-9764-DB82D4E429B0}.Debug (No Tests|Any CPU.Build.0 = Debug (No Tests|Any CPU
		{76508ABF-600E-4B86-9764-DB82D4E429B0}.Debug (No Tests|Mixed Platforms.ActiveCfg = Debug (No Tests|Any CPU
		{76508ABF-600E-4B86-9764-DB82D4E429B0}.Debug (No Tests|Mixed Platforms.Build.0 = Debug (No Tests|Any CPU
		{76508ABF-600E-4B86-9764-DB82D4E429B0}.Debug (No Tests|x86.ActiveCfg = Debug (No Tests|Any CPU
		{76508ABF-600E-4B86-9764-DB82D4E429B0}.Debug|Any CPU.ActiveCfg = Debug|Any CPU
		{76508ABF-600E-4B86-9764-DB82D4E429B0}.Debug|Any CPU.Build.0 = Debug|Any CPU
		{76508ABF-600E-4B86-9764-DB82D4E429B0}.Debug|Mixed Platforms.ActiveCfg = Debug|Any CPU
		{76508ABF-600E-4B86-9764-DB82D4E429B0}.Debug|Mixed Platforms.Build.0 = Debug|Any CPU
		{76508ABF-600E-4B86-9764-DB82D4E429B0}.Debug|x86.ActiveCfg = Debug|Any CPU
		{76508ABF-600E-4B86-9764-DB82D4E429B0}.Release|Any CPU.ActiveCfg = Release|Any CPU
		{76508ABF-600E-4B86-9764-DB82D4E429B0}.Release|Any CPU.Build.0 = Release|Any CPU
		{76508ABF-600E-4B86-9764-DB82D4E429B0}.Release|Mixed Platforms.ActiveCfg = Release|Any CPU
		{76508ABF-600E-4B86-9764-DB82D4E429B0}.Release|Mixed Platforms.Build.0 = Release|Any CPU
		{76508ABF-600E-4B86-9764-DB82D4E429B0}.Release|x86.ActiveCfg = Release|Any CPU
		{12B34A79-0285-41C9-9BAD-7902E562234D}.Debug (No Tests|Any CPU.ActiveCfg = Debug (No Tests|Any CPU
		{12B34A79-0285-41C9-9BAD-7902E562234D}.Debug (No Tests|Any CPU.Build.0 = Debug (No Tests|Any CPU
		{12B34A79-0285-41C9-9BAD-7902E562234D}.Debug (No Tests|Mixed Platforms.ActiveCfg = Debug (No Tests|Any CPU
		{12B34A79-0285-41C9-9BAD-7902E562234D}.Debug (No Tests|Mixed Platforms.Build.0 = Debug (No Tests|Any CPU
		{12B34A79-0285-41C9-9BAD-7902E562234D}.Debug (No Tests|x86.ActiveCfg = Debug (No Tests|Any CPU
		{12B34A79-0285-41C9-9BAD-7902E562234D}.Debug|Any CPU.ActiveCfg = Debug|Any CPU
		{12B34A79-0285-41C9-9BAD-7902E562234D}.Debug|Any CPU.Build.0 = Debug|Any CPU
		{12B34A79-0285-41C9-9BAD-7902E562234D}.Debug|Mixed Platforms.ActiveCfg = Debug|Any CPU
		{12B34A79-0285-41C9-9BAD-7902E562234D}.Debug|Mixed Platforms.Build.0 = Debug|Any CPU
		{12B34A79-0285-41C9-9BAD-7902E562234D}.Debug|x86.ActiveCfg = Debug|Any CPU
		{12B34A79-0285-41C9-9BAD-7902E562234D}.Release|Any CPU.ActiveCfg = Release|Any CPU
		{12B34A79-0285-41C9-9BAD-7902E562234D}.Release|Any CPU.Build.0 = Release|Any CPU
		{12B34A79-0285-41C9-9BAD-7902E562234D}.Release|Mixed Platforms.ActiveCfg = Release|Any CPU
		{12B34A79-0285-41C9-9BAD-7902E562234D}.Release|Mixed Platforms.Build.0 = Release|Any CPU
		{12B34A79-0285-41C9-9BAD-7902E562234D}.Release|x86.ActiveCfg = Release|Any CPU
		{A0640FA3-FAAB-4BCD-A845-548D0967009C}.Debug (No Tests|Any CPU.ActiveCfg = Debug|Any CPU
		{A0640FA3-FAAB-4BCD-A845-548D0967009C}.Debug (No Tests|Any CPU.Build.0 = Debug|Any CPU
		{A0640FA3-FAAB-4BCD-A845-548D0967009C}.Debug (No Tests|Mixed Platforms.ActiveCfg = Debug|Any CPU
		{A0640FA3-FAAB-4BCD-A845-548D0967009C}.Debug (No Tests|Mixed Platforms.Build.0 = Debug|Any CPU
		{A0640FA3-FAAB-4BCD-A845-548D0967009C}.Debug (No Tests|x86.ActiveCfg = Debug|Any CPU
		{A0640FA3-FAAB-4BCD-A845-548D0967009C}.Debug|Any CPU.ActiveCfg = Debug|Any CPU
		{A0640FA3-FAAB-4BCD-A845-548D0967009C}.Debug|Any CPU.Build.0 = Debug|Any CPU
		{A0640FA3-FAAB-4BCD-A845-548D0967009C}.Debug|Mixed Platforms.ActiveCfg = Debug|Any CPU
		{A0640FA3-FAAB-4BCD-A845-548D0967009C}.Debug|Mixed Platforms.Build.0 = Debug|Any CPU
		{A0640FA3-FAAB-4BCD-A845-548D0967009C}.Debug|x86.ActiveCfg = Debug|Any CPU
		{A0640FA3-FAAB-4BCD-A845-548D0967009C}.Release|Any CPU.ActiveCfg = Release|Any CPU
		{A0640FA3-FAAB-4BCD-A845-548D0967009C}.Release|Any CPU.Build.0 = Release|Any CPU
		{A0640FA3-FAAB-4BCD-A845-548D0967009C}.Release|Mixed Platforms.ActiveCfg = Release|Any CPU
		{A0640FA3-FAAB-4BCD-A845-548D0967009C}.Release|Mixed Platforms.Build.0 = Release|Any CPU
		{A0640FA3-FAAB-4BCD-A845-548D0967009C}.Release|x86.ActiveCfg = Release|Any CPU
		{37F5B88B-F1AA-410E-9FCB-4CA26A4DD887}.Debug (No Tests|Any CPU.ActiveCfg = Debug|Any CPU
		{37F5B88B-F1AA-410E-9FCB-4CA26A4DD887}.Debug (No Tests|Any CPU.Build.0 = Debug|Any CPU
		{37F5B88B-F1AA-410E-9FCB-4CA26A4DD887}.Debug (No Tests|Mixed Platforms.ActiveCfg = Debug|Any CPU
		{37F5B88B-F1AA-410E-9FCB-4CA26A4DD887}.Debug (No Tests|Mixed Platforms.Build.0 = Debug|Any CPU
		{37F5B88B-F1AA-410E-9FCB-4CA26A4DD887}.Debug (No Tests|x86.ActiveCfg = Debug|Any CPU
		{37F5B88B-F1AA-410E-9FCB-4CA26A4DD887}.Debug|Any CPU.ActiveCfg = Debug|Any CPU
		{37F5B88B-F1AA-410E-9FCB-4CA26A4DD887}.Debug|Any CPU.Build.0 = Debug|Any CPU
		{37F5B88B-F1AA-410E-9FCB-4CA26A4DD887}.Debug|Mixed Platforms.ActiveCfg = Debug|Any CPU
		{37F5B88B-F1AA-410E-9FCB-4CA26A4DD887}.Debug|Mixed Platforms.Build.0 = Debug|Any CPU
		{37F5B88B-F1AA-410E-9FCB-4CA26A4DD887}.Debug|x86.ActiveCfg = Debug|Any CPU
		{37F5B88B-F1AA-410E-9FCB-4CA26A4DD887}.Release|Any CPU.ActiveCfg = Release|Any CPU
		{37F5B88B-F1AA-410E-9FCB-4CA26A4DD887}.Release|Any CPU.Build.0 = Release|Any CPU
		{37F5B88B-F1AA-410E-9FCB-4CA26A4DD887}.Release|Mixed Platforms.ActiveCfg = Release|Any CPU
		{37F5B88B-F1AA-410E-9FCB-4CA26A4DD887}.Release|Mixed Platforms.Build.0 = Release|Any CPU
		{37F5B88B-F1AA-410E-9FCB-4CA26A4DD887}.Release|x86.ActiveCfg = Release|Any CPU
	EndGlobalSection
	GlobalSection(SolutionProperties) = preSolution
		HideSolutionNode = FALSE
	EndGlobalSection
EndGlobal
