
Microsoft Visual Studio Solution File, Format Version 12.00
# Visual Studio 14
VisualStudioVersion = 14.0.24720.0
MinimumVisualStudioVersion = 10.0.40219.1
Project("{FAE04EC0-301F-11D3-BF4B-00C04F79EFBC}") = "Pulsar4X.Tests", "Pulsar4X.Tests\Pulsar4X.Tests.csproj", "{DBB8EAB5-4DBD-B54F-94C3-3B2EEA3C8B4E}"
	ProjectSection(ProjectDependencies) = postProject
		{E716FA06-ECDF-B446-96B4-B790AAB5713B} = {E716FA06-ECDF-B446-96B4-B790AAB5713B}
	EndProjectSection
EndProject
Project("{FAE04EC0-301F-11D3-BF4B-00C04F79EFBC}") = "Pulsar4X.ECSLib", "Pulsar4X.ECSLib\Pulsar4X.ECSLib.csproj", "{E716FA06-ECDF-B446-96B4-B790AAB5713B}"
EndProject
Project("{FAE04EC0-301F-11D3-BF4B-00C04F79EFBC}") = "Pulsar4X.ViewModels", "ViewModelLib\Pulsar4X.ViewModels.csproj", "{37F5B88B-F1AA-410E-9FCB-4CA26A4DD887}"
EndProject
Project("{FAE04EC0-301F-11D3-BF4B-00C04F79EFBC}") = "Pulsar4X.CrossPlatformUI", "Pulsar4X.CrossPlatformUI\Pulsar4X.CrossPlatformUI.csproj", "{26B67EDA-BC6C-44D7-9E08-8C1C31415788}"
EndProject
Project("{FAE04EC0-301F-11D3-BF4B-00C04F79EFBC}") = "Pulsar4X.CrossPlatformUI.Gtk2", "Pulsar4X.CrossPlatformUI.Gtk2\Pulsar4X.CrossPlatformUI.Gtk2.csproj", "{30509646-A52E-4563-AE27-706882D7F8C3}"
EndProject
Project("{FAE04EC0-301F-11D3-BF4B-00C04F79EFBC}") = "Pulsar4X.CrossPlatformUI.Wpf", "Pulsar4X.CrossPlatformUI.Wpf\Pulsar4X.CrossPlatformUI.Wpf.csproj", "{27BC138A-6308-40C1-85BD-84EF8AE1207B}"
EndProject
Project("{FAE04EC0-301F-11D3-BF4B-00C04F79EFBC}") = "Pulsar4X.CrossPlatformUI.Mac", "Pulsar4X.CrossPlatformUI.Mac\Pulsar4X.CrossPlatformUI.Mac.csproj", "{D6CC2C60-BDF3-4379-A4C7-40AD6170A504}"
EndProject
Global
	GlobalSection(SolutionConfigurationPlatforms) = preSolution
		Debug (No Tests|Any CPU = Debug (No Tests|Any CPU
		Debug (No Tests|Mixed Platforms = Debug (No Tests|Mixed Platforms
		Debug (No Tests|x64 = Debug (No Tests|x64
		Debug (No Tests|x86 = Debug (No Tests|x86
		Debug|Any CPU = Debug|Any CPU
		Debug|Mixed Platforms = Debug|Mixed Platforms
		Debug|x64 = Debug|x64
		Debug|x86 = Debug|x86
		Linux|Any CPU = Linux|Any CPU
		Linux|Mixed Platforms = Linux|Mixed Platforms
		Linux|x64 = Linux|x64
		Linux|x86 = Linux|x86
		Mac|Any CPU = Mac|Any CPU
		Mac|Mixed Platforms = Mac|Mixed Platforms
		Mac|x64 = Mac|x64
		Mac|x86 = Mac|x86
		Release|Any CPU = Release|Any CPU
		Release|Mixed Platforms = Release|Mixed Platforms
		Release|x64 = Release|x64
		Release|x86 = Release|x86
		Windows|Any CPU = Windows|Any CPU
		Windows|Mixed Platforms = Windows|Mixed Platforms
		Windows|x64 = Windows|x64
		Windows|x86 = Windows|x86
	EndGlobalSection
	GlobalSection(ProjectConfigurationPlatforms) = postSolution
		{DBB8EAB5-4DBD-B54F-94C3-3B2EEA3C8B4E}.Debug (No Tests|Any CPU.ActiveCfg = Debug (No Tests|Any CPU
		{DBB8EAB5-4DBD-B54F-94C3-3B2EEA3C8B4E}.Debug (No Tests|Any CPU.Build.0 = Debug (No Tests|Any CPU
		{DBB8EAB5-4DBD-B54F-94C3-3B2EEA3C8B4E}.Debug (No Tests|Mixed Platforms.ActiveCfg = Debug (No Tests|Any CPU
		{DBB8EAB5-4DBD-B54F-94C3-3B2EEA3C8B4E}.Debug (No Tests|x64.ActiveCfg = Debug (No Tests|x64
		{DBB8EAB5-4DBD-B54F-94C3-3B2EEA3C8B4E}.Debug (No Tests|x64.Build.0 = Debug (No Tests|x64
		{DBB8EAB5-4DBD-B54F-94C3-3B2EEA3C8B4E}.Debug (No Tests|x86.ActiveCfg = Debug (No Tests|Any CPU
		{DBB8EAB5-4DBD-B54F-94C3-3B2EEA3C8B4E}.Debug|Any CPU.ActiveCfg = Debug|Any CPU
		{DBB8EAB5-4DBD-B54F-94C3-3B2EEA3C8B4E}.Debug|Any CPU.Build.0 = Debug|Any CPU
		{DBB8EAB5-4DBD-B54F-94C3-3B2EEA3C8B4E}.Debug|Mixed Platforms.ActiveCfg = Debug|Any CPU
		{DBB8EAB5-4DBD-B54F-94C3-3B2EEA3C8B4E}.Debug|Mixed Platforms.Build.0 = Debug|Any CPU
		{DBB8EAB5-4DBD-B54F-94C3-3B2EEA3C8B4E}.Debug|x64.ActiveCfg = Debug|x64
		{DBB8EAB5-4DBD-B54F-94C3-3B2EEA3C8B4E}.Debug|x64.Build.0 = Debug|x64
		{DBB8EAB5-4DBD-B54F-94C3-3B2EEA3C8B4E}.Debug|x86.ActiveCfg = Debug|Any CPU
		{DBB8EAB5-4DBD-B54F-94C3-3B2EEA3C8B4E}.Linux|Any CPU.ActiveCfg = Linux|Any CPU
		{DBB8EAB5-4DBD-B54F-94C3-3B2EEA3C8B4E}.Linux|Any CPU.Build.0 = Linux|Any CPU
		{DBB8EAB5-4DBD-B54F-94C3-3B2EEA3C8B4E}.Linux|Mixed Platforms.ActiveCfg = Linux|Any CPU
		{DBB8EAB5-4DBD-B54F-94C3-3B2EEA3C8B4E}.Linux|Mixed Platforms.Build.0 = Linux|Any CPU
		{DBB8EAB5-4DBD-B54F-94C3-3B2EEA3C8B4E}.Linux|x64.ActiveCfg = Linux|x64
		{DBB8EAB5-4DBD-B54F-94C3-3B2EEA3C8B4E}.Linux|x64.Build.0 = Linux|x64
		{DBB8EAB5-4DBD-B54F-94C3-3B2EEA3C8B4E}.Linux|x86.ActiveCfg = Linux|Any CPU
		{DBB8EAB5-4DBD-B54F-94C3-3B2EEA3C8B4E}.Linux|x86.Build.0 = Linux|Any CPU
		{DBB8EAB5-4DBD-B54F-94C3-3B2EEA3C8B4E}.Mac|Any CPU.ActiveCfg = Mac|Any CPU
		{DBB8EAB5-4DBD-B54F-94C3-3B2EEA3C8B4E}.Mac|Any CPU.Build.0 = Mac|Any CPU
		{DBB8EAB5-4DBD-B54F-94C3-3B2EEA3C8B4E}.Mac|Mixed Platforms.ActiveCfg = Mac|Any CPU
		{DBB8EAB5-4DBD-B54F-94C3-3B2EEA3C8B4E}.Mac|Mixed Platforms.Build.0 = Mac|Any CPU
		{DBB8EAB5-4DBD-B54F-94C3-3B2EEA3C8B4E}.Mac|x64.ActiveCfg = Mac|x64
		{DBB8EAB5-4DBD-B54F-94C3-3B2EEA3C8B4E}.Mac|x64.Build.0 = Mac|x64
		{DBB8EAB5-4DBD-B54F-94C3-3B2EEA3C8B4E}.Mac|x86.ActiveCfg = Mac|Any CPU
		{DBB8EAB5-4DBD-B54F-94C3-3B2EEA3C8B4E}.Mac|x86.Build.0 = Mac|Any CPU
		{DBB8EAB5-4DBD-B54F-94C3-3B2EEA3C8B4E}.Release|Any CPU.ActiveCfg = Release|Any CPU
		{DBB8EAB5-4DBD-B54F-94C3-3B2EEA3C8B4E}.Release|Any CPU.Build.0 = Release|Any CPU
		{DBB8EAB5-4DBD-B54F-94C3-3B2EEA3C8B4E}.Release|Mixed Platforms.ActiveCfg = Release|Any CPU
		{DBB8EAB5-4DBD-B54F-94C3-3B2EEA3C8B4E}.Release|Mixed Platforms.Build.0 = Release|Any CPU
		{DBB8EAB5-4DBD-B54F-94C3-3B2EEA3C8B4E}.Release|x64.ActiveCfg = Release|x64
		{DBB8EAB5-4DBD-B54F-94C3-3B2EEA3C8B4E}.Release|x64.Build.0 = Release|x64
		{DBB8EAB5-4DBD-B54F-94C3-3B2EEA3C8B4E}.Release|x86.ActiveCfg = Release|Any CPU
		{DBB8EAB5-4DBD-B54F-94C3-3B2EEA3C8B4E}.Windows|Any CPU.ActiveCfg = Windows|Any CPU
		{DBB8EAB5-4DBD-B54F-94C3-3B2EEA3C8B4E}.Windows|Any CPU.Build.0 = Windows|Any CPU
		{DBB8EAB5-4DBD-B54F-94C3-3B2EEA3C8B4E}.Windows|Mixed Platforms.ActiveCfg = Windows|Any CPU
		{DBB8EAB5-4DBD-B54F-94C3-3B2EEA3C8B4E}.Windows|Mixed Platforms.Build.0 = Windows|Any CPU
		{DBB8EAB5-4DBD-B54F-94C3-3B2EEA3C8B4E}.Windows|x64.ActiveCfg = Windows|x64
		{DBB8EAB5-4DBD-B54F-94C3-3B2EEA3C8B4E}.Windows|x64.Build.0 = Windows|x64
		{DBB8EAB5-4DBD-B54F-94C3-3B2EEA3C8B4E}.Windows|x86.ActiveCfg = Windows|Any CPU
		{DBB8EAB5-4DBD-B54F-94C3-3B2EEA3C8B4E}.Windows|x86.Build.0 = Windows|Any CPU
		{E716FA06-ECDF-B446-96B4-B790AAB5713B}.Debug (No Tests|Any CPU.ActiveCfg = Debug (No Tests|Any CPU
		{E716FA06-ECDF-B446-96B4-B790AAB5713B}.Debug (No Tests|Any CPU.Build.0 = Debug (No Tests|Any CPU
		{E716FA06-ECDF-B446-96B4-B790AAB5713B}.Debug (No Tests|Mixed Platforms.ActiveCfg = Debug (No Tests|Any CPU
		{E716FA06-ECDF-B446-96B4-B790AAB5713B}.Debug (No Tests|Mixed Platforms.Build.0 = Debug (No Tests|Any CPU
		{E716FA06-ECDF-B446-96B4-B790AAB5713B}.Debug (No Tests|x64.ActiveCfg = Debug (No Tests|x64
		{E716FA06-ECDF-B446-96B4-B790AAB5713B}.Debug (No Tests|x64.Build.0 = Debug (No Tests|x64
		{E716FA06-ECDF-B446-96B4-B790AAB5713B}.Debug (No Tests|x86.ActiveCfg = Debug (No Tests|Any CPU
		{E716FA06-ECDF-B446-96B4-B790AAB5713B}.Debug|Any CPU.ActiveCfg = Debug|Any CPU
		{E716FA06-ECDF-B446-96B4-B790AAB5713B}.Debug|Any CPU.Build.0 = Debug|Any CPU
		{E716FA06-ECDF-B446-96B4-B790AAB5713B}.Debug|Mixed Platforms.ActiveCfg = Debug|Any CPU
		{E716FA06-ECDF-B446-96B4-B790AAB5713B}.Debug|Mixed Platforms.Build.0 = Debug|Any CPU
		{E716FA06-ECDF-B446-96B4-B790AAB5713B}.Debug|x64.ActiveCfg = Debug|x64
		{E716FA06-ECDF-B446-96B4-B790AAB5713B}.Debug|x64.Build.0 = Debug|x64
		{E716FA06-ECDF-B446-96B4-B790AAB5713B}.Debug|x86.ActiveCfg = Debug|Any CPU
		{E716FA06-ECDF-B446-96B4-B790AAB5713B}.Linux|Any CPU.ActiveCfg = Linux|Any CPU
		{E716FA06-ECDF-B446-96B4-B790AAB5713B}.Linux|Any CPU.Build.0 = Linux|Any CPU
		{E716FA06-ECDF-B446-96B4-B790AAB5713B}.Linux|Mixed Platforms.ActiveCfg = Linux|Any CPU
		{E716FA06-ECDF-B446-96B4-B790AAB5713B}.Linux|Mixed Platforms.Build.0 = Linux|Any CPU
		{E716FA06-ECDF-B446-96B4-B790AAB5713B}.Linux|x64.ActiveCfg = Linux|x64
		{E716FA06-ECDF-B446-96B4-B790AAB5713B}.Linux|x64.Build.0 = Linux|x64
		{E716FA06-ECDF-B446-96B4-B790AAB5713B}.Linux|x86.ActiveCfg = Linux|Any CPU
		{E716FA06-ECDF-B446-96B4-B790AAB5713B}.Linux|x86.Build.0 = Linux|Any CPU
		{E716FA06-ECDF-B446-96B4-B790AAB5713B}.Mac|Any CPU.ActiveCfg = Mac|Any CPU
		{E716FA06-ECDF-B446-96B4-B790AAB5713B}.Mac|Any CPU.Build.0 = Mac|Any CPU
		{E716FA06-ECDF-B446-96B4-B790AAB5713B}.Mac|Mixed Platforms.ActiveCfg = Mac|Any CPU
		{E716FA06-ECDF-B446-96B4-B790AAB5713B}.Mac|Mixed Platforms.Build.0 = Mac|Any CPU
		{E716FA06-ECDF-B446-96B4-B790AAB5713B}.Mac|x64.ActiveCfg = Mac|x64
		{E716FA06-ECDF-B446-96B4-B790AAB5713B}.Mac|x64.Build.0 = Mac|x64
		{E716FA06-ECDF-B446-96B4-B790AAB5713B}.Mac|x86.ActiveCfg = Mac|Any CPU
		{E716FA06-ECDF-B446-96B4-B790AAB5713B}.Mac|x86.Build.0 = Mac|Any CPU
		{E716FA06-ECDF-B446-96B4-B790AAB5713B}.Release|Any CPU.ActiveCfg = Release|Any CPU
		{E716FA06-ECDF-B446-96B4-B790AAB5713B}.Release|Any CPU.Build.0 = Release|Any CPU
		{E716FA06-ECDF-B446-96B4-B790AAB5713B}.Release|Mixed Platforms.ActiveCfg = Release|Any CPU
		{E716FA06-ECDF-B446-96B4-B790AAB5713B}.Release|Mixed Platforms.Build.0 = Release|Any CPU
		{E716FA06-ECDF-B446-96B4-B790AAB5713B}.Release|x64.ActiveCfg = Release|x64
		{E716FA06-ECDF-B446-96B4-B790AAB5713B}.Release|x64.Build.0 = Release|x64
		{E716FA06-ECDF-B446-96B4-B790AAB5713B}.Release|x86.ActiveCfg = Release|Any CPU
		{E716FA06-ECDF-B446-96B4-B790AAB5713B}.Windows|Any CPU.ActiveCfg = Windows|Any CPU
		{E716FA06-ECDF-B446-96B4-B790AAB5713B}.Windows|Any CPU.Build.0 = Windows|Any CPU
		{E716FA06-ECDF-B446-96B4-B790AAB5713B}.Windows|Mixed Platforms.ActiveCfg = Windows|Any CPU
		{E716FA06-ECDF-B446-96B4-B790AAB5713B}.Windows|Mixed Platforms.Build.0 = Windows|Any CPU
		{E716FA06-ECDF-B446-96B4-B790AAB5713B}.Windows|x64.ActiveCfg = Windows|x64
		{E716FA06-ECDF-B446-96B4-B790AAB5713B}.Windows|x64.Build.0 = Windows|x64
		{E716FA06-ECDF-B446-96B4-B790AAB5713B}.Windows|x86.ActiveCfg = Windows|Any CPU
		{E716FA06-ECDF-B446-96B4-B790AAB5713B}.Windows|x86.Build.0 = Windows|Any CPU
		{37F5B88B-F1AA-410E-9FCB-4CA26A4DD887}.Debug (No Tests|Any CPU.ActiveCfg = Debug|Any CPU
		{37F5B88B-F1AA-410E-9FCB-4CA26A4DD887}.Debug (No Tests|Any CPU.Build.0 = Debug|Any CPU
		{37F5B88B-F1AA-410E-9FCB-4CA26A4DD887}.Debug (No Tests|Mixed Platforms.ActiveCfg = Debug|Any CPU
		{37F5B88B-F1AA-410E-9FCB-4CA26A4DD887}.Debug (No Tests|Mixed Platforms.Build.0 = Debug|Any CPU
		{37F5B88B-F1AA-410E-9FCB-4CA26A4DD887}.Debug (No Tests|x64.ActiveCfg = Debug|x64
		{37F5B88B-F1AA-410E-9FCB-4CA26A4DD887}.Debug (No Tests|x64.Build.0 = Debug|x64
		{37F5B88B-F1AA-410E-9FCB-4CA26A4DD887}.Debug (No Tests|x86.ActiveCfg = Debug|Any CPU
		{37F5B88B-F1AA-410E-9FCB-4CA26A4DD887}.Debug|Any CPU.ActiveCfg = Debug|Any CPU
		{37F5B88B-F1AA-410E-9FCB-4CA26A4DD887}.Debug|Any CPU.Build.0 = Debug|Any CPU
		{37F5B88B-F1AA-410E-9FCB-4CA26A4DD887}.Debug|Mixed Platforms.ActiveCfg = Debug|Any CPU
		{37F5B88B-F1AA-410E-9FCB-4CA26A4DD887}.Debug|Mixed Platforms.Build.0 = Debug|Any CPU
		{37F5B88B-F1AA-410E-9FCB-4CA26A4DD887}.Debug|x64.ActiveCfg = Debug|x64
		{37F5B88B-F1AA-410E-9FCB-4CA26A4DD887}.Debug|x64.Build.0 = Debug|x64
		{37F5B88B-F1AA-410E-9FCB-4CA26A4DD887}.Debug|x86.ActiveCfg = Debug|Any CPU
		{37F5B88B-F1AA-410E-9FCB-4CA26A4DD887}.Linux|Any CPU.ActiveCfg = Linux|Any CPU
		{37F5B88B-F1AA-410E-9FCB-4CA26A4DD887}.Linux|Any CPU.Build.0 = Linux|Any CPU
		{37F5B88B-F1AA-410E-9FCB-4CA26A4DD887}.Linux|Mixed Platforms.ActiveCfg = Linux|Any CPU
		{37F5B88B-F1AA-410E-9FCB-4CA26A4DD887}.Linux|Mixed Platforms.Build.0 = Linux|Any CPU
		{37F5B88B-F1AA-410E-9FCB-4CA26A4DD887}.Linux|x64.ActiveCfg = Linux|x64
		{37F5B88B-F1AA-410E-9FCB-4CA26A4DD887}.Linux|x64.Build.0 = Linux|x64
		{37F5B88B-F1AA-410E-9FCB-4CA26A4DD887}.Linux|x86.ActiveCfg = Linux|Any CPU
		{37F5B88B-F1AA-410E-9FCB-4CA26A4DD887}.Linux|x86.Build.0 = Linux|Any CPU
		{37F5B88B-F1AA-410E-9FCB-4CA26A4DD887}.Mac|Any CPU.ActiveCfg = Mac|Any CPU
		{37F5B88B-F1AA-410E-9FCB-4CA26A4DD887}.Mac|Any CPU.Build.0 = Mac|Any CPU
		{37F5B88B-F1AA-410E-9FCB-4CA26A4DD887}.Mac|Mixed Platforms.ActiveCfg = Mac|Any CPU
		{37F5B88B-F1AA-410E-9FCB-4CA26A4DD887}.Mac|Mixed Platforms.Build.0 = Mac|Any CPU
		{37F5B88B-F1AA-410E-9FCB-4CA26A4DD887}.Mac|x64.ActiveCfg = Mac|x64
		{37F5B88B-F1AA-410E-9FCB-4CA26A4DD887}.Mac|x64.Build.0 = Mac|x64
		{37F5B88B-F1AA-410E-9FCB-4CA26A4DD887}.Mac|x86.ActiveCfg = Mac|Any CPU
		{37F5B88B-F1AA-410E-9FCB-4CA26A4DD887}.Mac|x86.Build.0 = Mac|Any CPU
		{37F5B88B-F1AA-410E-9FCB-4CA26A4DD887}.Release|Any CPU.ActiveCfg = Release|Any CPU
		{37F5B88B-F1AA-410E-9FCB-4CA26A4DD887}.Release|Any CPU.Build.0 = Release|Any CPU
		{37F5B88B-F1AA-410E-9FCB-4CA26A4DD887}.Release|Mixed Platforms.ActiveCfg = Release|Any CPU
		{37F5B88B-F1AA-410E-9FCB-4CA26A4DD887}.Release|Mixed Platforms.Build.0 = Release|Any CPU
		{37F5B88B-F1AA-410E-9FCB-4CA26A4DD887}.Release|x64.ActiveCfg = Release|x64
		{37F5B88B-F1AA-410E-9FCB-4CA26A4DD887}.Release|x64.Build.0 = Release|x64
		{37F5B88B-F1AA-410E-9FCB-4CA26A4DD887}.Release|x86.ActiveCfg = Release|Any CPU
		{37F5B88B-F1AA-410E-9FCB-4CA26A4DD887}.Windows|Any CPU.ActiveCfg = Windows|Any CPU
		{37F5B88B-F1AA-410E-9FCB-4CA26A4DD887}.Windows|Any CPU.Build.0 = Windows|Any CPU
		{37F5B88B-F1AA-410E-9FCB-4CA26A4DD887}.Windows|Mixed Platforms.ActiveCfg = Windows|Any CPU
		{37F5B88B-F1AA-410E-9FCB-4CA26A4DD887}.Windows|Mixed Platforms.Build.0 = Windows|Any CPU
		{37F5B88B-F1AA-410E-9FCB-4CA26A4DD887}.Windows|x64.ActiveCfg = Windows|x64
		{37F5B88B-F1AA-410E-9FCB-4CA26A4DD887}.Windows|x64.Build.0 = Windows|x64
		{37F5B88B-F1AA-410E-9FCB-4CA26A4DD887}.Windows|x86.ActiveCfg = Windows|Any CPU
		{37F5B88B-F1AA-410E-9FCB-4CA26A4DD887}.Windows|x86.Build.0 = Windows|Any CPU
		{26B67EDA-BC6C-44D7-9E08-8C1C31415788}.Debug (No Tests|Any CPU.ActiveCfg = Debug|Any CPU
		{26B67EDA-BC6C-44D7-9E08-8C1C31415788}.Debug (No Tests|Any CPU.Build.0 = Debug|Any CPU
		{26B67EDA-BC6C-44D7-9E08-8C1C31415788}.Debug (No Tests|Mixed Platforms.ActiveCfg = Debug|Any CPU
		{26B67EDA-BC6C-44D7-9E08-8C1C31415788}.Debug (No Tests|Mixed Platforms.Build.0 = Debug|Any CPU
		{26B67EDA-BC6C-44D7-9E08-8C1C31415788}.Debug (No Tests|x64.ActiveCfg = Debug|x64
		{26B67EDA-BC6C-44D7-9E08-8C1C31415788}.Debug (No Tests|x64.Build.0 = Debug|x64
		{26B67EDA-BC6C-44D7-9E08-8C1C31415788}.Debug (No Tests|x86.ActiveCfg = Debug|Any CPU
		{26B67EDA-BC6C-44D7-9E08-8C1C31415788}.Debug (No Tests|x86.Build.0 = Debug|Any CPU
		{26B67EDA-BC6C-44D7-9E08-8C1C31415788}.Debug|Any CPU.ActiveCfg = Debug|Any CPU
		{26B67EDA-BC6C-44D7-9E08-8C1C31415788}.Debug|Any CPU.Build.0 = Debug|Any CPU
		{26B67EDA-BC6C-44D7-9E08-8C1C31415788}.Debug|Mixed Platforms.ActiveCfg = Debug|Any CPU
		{26B67EDA-BC6C-44D7-9E08-8C1C31415788}.Debug|Mixed Platforms.Build.0 = Debug|Any CPU
		{26B67EDA-BC6C-44D7-9E08-8C1C31415788}.Debug|x64.ActiveCfg = Debug|x64
		{26B67EDA-BC6C-44D7-9E08-8C1C31415788}.Debug|x64.Build.0 = Debug|x64
		{26B67EDA-BC6C-44D7-9E08-8C1C31415788}.Debug|x86.ActiveCfg = Debug|Any CPU
		{26B67EDA-BC6C-44D7-9E08-8C1C31415788}.Debug|x86.Build.0 = Debug|Any CPU
		{26B67EDA-BC6C-44D7-9E08-8C1C31415788}.Linux|Any CPU.ActiveCfg = Linux|Any CPU
		{26B67EDA-BC6C-44D7-9E08-8C1C31415788}.Linux|Any CPU.Build.0 = Linux|Any CPU
		{26B67EDA-BC6C-44D7-9E08-8C1C31415788}.Linux|Mixed Platforms.ActiveCfg = Linux|Any CPU
		{26B67EDA-BC6C-44D7-9E08-8C1C31415788}.Linux|Mixed Platforms.Build.0 = Linux|Any CPU
		{26B67EDA-BC6C-44D7-9E08-8C1C31415788}.Linux|x64.ActiveCfg = Linux|x64
		{26B67EDA-BC6C-44D7-9E08-8C1C31415788}.Linux|x64.Build.0 = Linux|x64
		{26B67EDA-BC6C-44D7-9E08-8C1C31415788}.Linux|x86.ActiveCfg = Linux|Any CPU
		{26B67EDA-BC6C-44D7-9E08-8C1C31415788}.Linux|x86.Build.0 = Linux|Any CPU
		{26B67EDA-BC6C-44D7-9E08-8C1C31415788}.Mac|Any CPU.ActiveCfg = Mac|Any CPU
		{26B67EDA-BC6C-44D7-9E08-8C1C31415788}.Mac|Any CPU.Build.0 = Mac|Any CPU
		{26B67EDA-BC6C-44D7-9E08-8C1C31415788}.Mac|Mixed Platforms.ActiveCfg = Mac|Any CPU
		{26B67EDA-BC6C-44D7-9E08-8C1C31415788}.Mac|Mixed Platforms.Build.0 = Mac|Any CPU
		{26B67EDA-BC6C-44D7-9E08-8C1C31415788}.Mac|x64.ActiveCfg = Mac|x64
		{26B67EDA-BC6C-44D7-9E08-8C1C31415788}.Mac|x64.Build.0 = Mac|x64
		{26B67EDA-BC6C-44D7-9E08-8C1C31415788}.Mac|x86.ActiveCfg = Mac|Any CPU
		{26B67EDA-BC6C-44D7-9E08-8C1C31415788}.Mac|x86.Build.0 = Mac|Any CPU
		{26B67EDA-BC6C-44D7-9E08-8C1C31415788}.Release|Any CPU.ActiveCfg = Release|Any CPU
		{26B67EDA-BC6C-44D7-9E08-8C1C31415788}.Release|Any CPU.Build.0 = Release|Any CPU
		{26B67EDA-BC6C-44D7-9E08-8C1C31415788}.Release|Mixed Platforms.ActiveCfg = Release|Any CPU
		{26B67EDA-BC6C-44D7-9E08-8C1C31415788}.Release|Mixed Platforms.Build.0 = Release|Any CPU
		{26B67EDA-BC6C-44D7-9E08-8C1C31415788}.Release|x64.ActiveCfg = Release|x64
		{26B67EDA-BC6C-44D7-9E08-8C1C31415788}.Release|x64.Build.0 = Release|x64
		{26B67EDA-BC6C-44D7-9E08-8C1C31415788}.Release|x86.ActiveCfg = Release|Any CPU
		{26B67EDA-BC6C-44D7-9E08-8C1C31415788}.Release|x86.Build.0 = Release|Any CPU
		{26B67EDA-BC6C-44D7-9E08-8C1C31415788}.Windows|Any CPU.ActiveCfg = Windows|Any CPU
		{26B67EDA-BC6C-44D7-9E08-8C1C31415788}.Windows|Any CPU.Build.0 = Windows|Any CPU
		{26B67EDA-BC6C-44D7-9E08-8C1C31415788}.Windows|Mixed Platforms.ActiveCfg = Windows|Any CPU
		{26B67EDA-BC6C-44D7-9E08-8C1C31415788}.Windows|Mixed Platforms.Build.0 = Windows|Any CPU
		{26B67EDA-BC6C-44D7-9E08-8C1C31415788}.Windows|x64.ActiveCfg = Windows|x64
		{26B67EDA-BC6C-44D7-9E08-8C1C31415788}.Windows|x64.Build.0 = Windows|x64
		{26B67EDA-BC6C-44D7-9E08-8C1C31415788}.Windows|x86.ActiveCfg = Windows|Any CPU
		{26B67EDA-BC6C-44D7-9E08-8C1C31415788}.Windows|x86.Build.0 = Windows|Any CPU
		{30509646-A52E-4563-AE27-706882D7F8C3}.Debug (No Tests|Any CPU.ActiveCfg = Debug|Any CPU
		{30509646-A52E-4563-AE27-706882D7F8C3}.Debug (No Tests|Any CPU.Build.0 = Debug|Any CPU
		{30509646-A52E-4563-AE27-706882D7F8C3}.Debug (No Tests|Mixed Platforms.ActiveCfg = Debug|Any CPU
		{30509646-A52E-4563-AE27-706882D7F8C3}.Debug (No Tests|Mixed Platforms.Build.0 = Debug|Any CPU
		{30509646-A52E-4563-AE27-706882D7F8C3}.Debug (No Tests|x64.ActiveCfg = Debug|Any CPU
		{30509646-A52E-4563-AE27-706882D7F8C3}.Debug (No Tests|x86.ActiveCfg = Debug|Any CPU
		{30509646-A52E-4563-AE27-706882D7F8C3}.Debug (No Tests|x86.Build.0 = Debug|Any CPU
		{30509646-A52E-4563-AE27-706882D7F8C3}.Debug|Any CPU.ActiveCfg = Debug|Any CPU
		{30509646-A52E-4563-AE27-706882D7F8C3}.Debug|Any CPU.Build.0 = Debug|Any CPU
		{30509646-A52E-4563-AE27-706882D7F8C3}.Debug|Mixed Platforms.ActiveCfg = Debug|Any CPU
		{30509646-A52E-4563-AE27-706882D7F8C3}.Debug|Mixed Platforms.Build.0 = Debug|Any CPU
		{30509646-A52E-4563-AE27-706882D7F8C3}.Debug|x64.ActiveCfg = Debug|Any CPU
		{30509646-A52E-4563-AE27-706882D7F8C3}.Debug|x86.ActiveCfg = Debug|Any CPU
		{30509646-A52E-4563-AE27-706882D7F8C3}.Debug|x86.Build.0 = Debug|Any CPU
		{30509646-A52E-4563-AE27-706882D7F8C3}.Linux|Any CPU.ActiveCfg = Linux|Any CPU
		{30509646-A52E-4563-AE27-706882D7F8C3}.Linux|Any CPU.Build.0 = Linux|Any CPU
		{30509646-A52E-4563-AE27-706882D7F8C3}.Linux|Mixed Platforms.ActiveCfg = Linux|Any CPU
		{30509646-A52E-4563-AE27-706882D7F8C3}.Linux|Mixed Platforms.Build.0 = Linux|Any CPU
		{30509646-A52E-4563-AE27-706882D7F8C3}.Linux|x64.ActiveCfg = Linux|Any CPU
		{30509646-A52E-4563-AE27-706882D7F8C3}.Linux|x86.ActiveCfg = Linux|Any CPU
		{30509646-A52E-4563-AE27-706882D7F8C3}.Linux|x86.Build.0 = Linux|Any CPU
		{30509646-A52E-4563-AE27-706882D7F8C3}.Mac|Any CPU.ActiveCfg = Mac|Any CPU
		{30509646-A52E-4563-AE27-706882D7F8C3}.Mac|Mixed Platforms.ActiveCfg = Mac|Any CPU
		{30509646-A52E-4563-AE27-706882D7F8C3}.Mac|x64.ActiveCfg = Mac|Any CPU
		{30509646-A52E-4563-AE27-706882D7F8C3}.Mac|x86.ActiveCfg = Mac|Any CPU
		{30509646-A52E-4563-AE27-706882D7F8C3}.Mac|x86.Build.0 = Mac|Any CPU
		{30509646-A52E-4563-AE27-706882D7F8C3}.Release|Any CPU.ActiveCfg = Release|Any CPU
		{30509646-A52E-4563-AE27-706882D7F8C3}.Release|Any CPU.Build.0 = Release|Any CPU
		{30509646-A52E-4563-AE27-706882D7F8C3}.Release|Mixed Platforms.ActiveCfg = Release|Any CPU
		{30509646-A52E-4563-AE27-706882D7F8C3}.Release|Mixed Platforms.Build.0 = Release|Any CPU
		{30509646-A52E-4563-AE27-706882D7F8C3}.Release|x64.ActiveCfg = Release|Any CPU
		{30509646-A52E-4563-AE27-706882D7F8C3}.Release|x86.ActiveCfg = Release|Any CPU
		{30509646-A52E-4563-AE27-706882D7F8C3}.Release|x86.Build.0 = Release|Any CPU
		{30509646-A52E-4563-AE27-706882D7F8C3}.Windows|Any CPU.ActiveCfg = Windows|Any CPU
		{30509646-A52E-4563-AE27-706882D7F8C3}.Windows|Mixed Platforms.ActiveCfg = Windows|Any CPU
		{30509646-A52E-4563-AE27-706882D7F8C3}.Windows|x64.ActiveCfg = Windows|Any CPU
		{30509646-A52E-4563-AE27-706882D7F8C3}.Windows|x86.ActiveCfg = Windows|Any CPU
		{30509646-A52E-4563-AE27-706882D7F8C3}.Windows|x86.Build.0 = Windows|Any CPU
		{27BC138A-6308-40C1-85BD-84EF8AE1207B}.Debug (No Tests|Any CPU.ActiveCfg = Debug|Any CPU
		{27BC138A-6308-40C1-85BD-84EF8AE1207B}.Debug (No Tests|Any CPU.Build.0 = Debug|Any CPU
		{27BC138A-6308-40C1-85BD-84EF8AE1207B}.Debug (No Tests|Mixed Platforms.ActiveCfg = Debug|Any CPU
		{27BC138A-6308-40C1-85BD-84EF8AE1207B}.Debug (No Tests|Mixed Platforms.Build.0 = Debug|Any CPU
		{27BC138A-6308-40C1-85BD-84EF8AE1207B}.Debug (No Tests|x64.ActiveCfg = Debug|x64
		{27BC138A-6308-40C1-85BD-84EF8AE1207B}.Debug (No Tests|x64.Build.0 = Debug|x64
		{27BC138A-6308-40C1-85BD-84EF8AE1207B}.Debug (No Tests|x86.ActiveCfg = Debug|Any CPU
		{27BC138A-6308-40C1-85BD-84EF8AE1207B}.Debug (No Tests|x86.Build.0 = Debug|Any CPU
		{27BC138A-6308-40C1-85BD-84EF8AE1207B}.Debug|Any CPU.ActiveCfg = Debug|Any CPU
		{27BC138A-6308-40C1-85BD-84EF8AE1207B}.Debug|Any CPU.Build.0 = Debug|Any CPU
		{27BC138A-6308-40C1-85BD-84EF8AE1207B}.Debug|Mixed Platforms.ActiveCfg = Debug|Any CPU
		{27BC138A-6308-40C1-85BD-84EF8AE1207B}.Debug|Mixed Platforms.Build.0 = Debug|Any CPU
		{27BC138A-6308-40C1-85BD-84EF8AE1207B}.Debug|x64.ActiveCfg = Debug|x64
		{27BC138A-6308-40C1-85BD-84EF8AE1207B}.Debug|x64.Build.0 = Debug|x64
		{27BC138A-6308-40C1-85BD-84EF8AE1207B}.Debug|x86.ActiveCfg = Debug|Any CPU
		{27BC138A-6308-40C1-85BD-84EF8AE1207B}.Debug|x86.Build.0 = Debug|Any CPU
		{27BC138A-6308-40C1-85BD-84EF8AE1207B}.Linux|Any CPU.ActiveCfg = Linux|Any CPU
		{27BC138A-6308-40C1-85BD-84EF8AE1207B}.Linux|Mixed Platforms.ActiveCfg = Linux|Any CPU
		{27BC138A-6308-40C1-85BD-84EF8AE1207B}.Linux|x64.ActiveCfg = Linux|x64
		{27BC138A-6308-40C1-85BD-84EF8AE1207B}.Linux|x64.Build.0 = Linux|x64
		{27BC138A-6308-40C1-85BD-84EF8AE1207B}.Linux|x86.ActiveCfg = Linux|Any CPU
		{27BC138A-6308-40C1-85BD-84EF8AE1207B}.Linux|x86.Build.0 = Linux|Any CPU
		{27BC138A-6308-40C1-85BD-84EF8AE1207B}.Mac|Any CPU.ActiveCfg = Mac|Any CPU
		{27BC138A-6308-40C1-85BD-84EF8AE1207B}.Mac|Mixed Platforms.ActiveCfg = Mac|Any CPU
		{27BC138A-6308-40C1-85BD-84EF8AE1207B}.Mac|x64.ActiveCfg = Mac|x64
		{27BC138A-6308-40C1-85BD-84EF8AE1207B}.Mac|x64.Build.0 = Mac|x64
		{27BC138A-6308-40C1-85BD-84EF8AE1207B}.Mac|x86.ActiveCfg = Mac|Any CPU
		{27BC138A-6308-40C1-85BD-84EF8AE1207B}.Mac|x86.Build.0 = Mac|Any CPU
		{27BC138A-6308-40C1-85BD-84EF8AE1207B}.Release|Any CPU.ActiveCfg = Release|Any CPU
		{27BC138A-6308-40C1-85BD-84EF8AE1207B}.Release|Any CPU.Build.0 = Release|Any CPU
		{27BC138A-6308-40C1-85BD-84EF8AE1207B}.Release|Mixed Platforms.ActiveCfg = Release|Any CPU
		{27BC138A-6308-40C1-85BD-84EF8AE1207B}.Release|Mixed Platforms.Build.0 = Release|Any CPU
		{27BC138A-6308-40C1-85BD-84EF8AE1207B}.Release|x64.ActiveCfg = Release|x64
		{27BC138A-6308-40C1-85BD-84EF8AE1207B}.Release|x64.Build.0 = Release|x64
		{27BC138A-6308-40C1-85BD-84EF8AE1207B}.Release|x86.ActiveCfg = Release|Any CPU
		{27BC138A-6308-40C1-85BD-84EF8AE1207B}.Release|x86.Build.0 = Release|Any CPU
		{27BC138A-6308-40C1-85BD-84EF8AE1207B}.Windows|Any CPU.ActiveCfg = Windows|Any CPU
		{27BC138A-6308-40C1-85BD-84EF8AE1207B}.Windows|Any CPU.Build.0 = Windows|Any CPU
		{27BC138A-6308-40C1-85BD-84EF8AE1207B}.Windows|Mixed Platforms.ActiveCfg = Windows|Any CPU
		{27BC138A-6308-40C1-85BD-84EF8AE1207B}.Windows|Mixed Platforms.Build.0 = Windows|Any CPU
		{27BC138A-6308-40C1-85BD-84EF8AE1207B}.Windows|x64.ActiveCfg = Windows|x64
		{27BC138A-6308-40C1-85BD-84EF8AE1207B}.Windows|x64.Build.0 = Windows|x64
		{27BC138A-6308-40C1-85BD-84EF8AE1207B}.Windows|x86.ActiveCfg = Windows|Any CPU
		{27BC138A-6308-40C1-85BD-84EF8AE1207B}.Windows|x86.Build.0 = Windows|Any CPU
		{D6CC2C60-BDF3-4379-A4C7-40AD6170A504}.Debug (No Tests|Any CPU.ActiveCfg = Debug|Any CPU
		{D6CC2C60-BDF3-4379-A4C7-40AD6170A504}.Debug (No Tests|Any CPU.Build.0 = Debug|Any CPU
		{D6CC2C60-BDF3-4379-A4C7-40AD6170A504}.Debug (No Tests|Mixed Platforms.ActiveCfg = Debug|Any CPU
		{D6CC2C60-BDF3-4379-A4C7-40AD6170A504}.Debug (No Tests|Mixed Platforms.Build.0 = Debug|Any CPU
		{D6CC2C60-BDF3-4379-A4C7-40AD6170A504}.Debug (No Tests|x64.ActiveCfg = Debug|Any CPU
		{D6CC2C60-BDF3-4379-A4C7-40AD6170A504}.Debug (No Tests|x86.ActiveCfg = Debug|Any CPU
		{D6CC2C60-BDF3-4379-A4C7-40AD6170A504}.Debug (No Tests|x86.Build.0 = Debug|Any CPU
		{D6CC2C60-BDF3-4379-A4C7-40AD6170A504}.Debug|Any CPU.ActiveCfg = Debug|Any CPU
		{D6CC2C60-BDF3-4379-A4C7-40AD6170A504}.Debug|Any CPU.Build.0 = Debug|Any CPU
		{D6CC2C60-BDF3-4379-A4C7-40AD6170A504}.Debug|Mixed Platforms.ActiveCfg = Debug|Any CPU
		{D6CC2C60-BDF3-4379-A4C7-40AD6170A504}.Debug|Mixed Platforms.Build.0 = Debug|Any CPU
		{D6CC2C60-BDF3-4379-A4C7-40AD6170A504}.Debug|x64.ActiveCfg = Debug|Any CPU
		{D6CC2C60-BDF3-4379-A4C7-40AD6170A504}.Debug|x86.ActiveCfg = Debug|Any CPU
		{D6CC2C60-BDF3-4379-A4C7-40AD6170A504}.Debug|x86.Build.0 = Debug|Any CPU
		{D6CC2C60-BDF3-4379-A4C7-40AD6170A504}.Linux|Any CPU.ActiveCfg = Linux|Any CPU
		{D6CC2C60-BDF3-4379-A4C7-40AD6170A504}.Linux|Mixed Platforms.ActiveCfg = Linux|Any CPU
		{D6CC2C60-BDF3-4379-A4C7-40AD6170A504}.Linux|x64.ActiveCfg = Linux|Any CPU
		{D6CC2C60-BDF3-4379-A4C7-40AD6170A504}.Linux|x86.ActiveCfg = Linux|Any CPU
		{D6CC2C60-BDF3-4379-A4C7-40AD6170A504}.Linux|x86.Build.0 = Linux|Any CPU
		{D6CC2C60-BDF3-4379-A4C7-40AD6170A504}.Mac|Any CPU.ActiveCfg = Mac|Any CPU
		{D6CC2C60-BDF3-4379-A4C7-40AD6170A504}.Mac|Any CPU.Build.0 = Mac|Any CPU
		{D6CC2C60-BDF3-4379-A4C7-40AD6170A504}.Mac|Mixed Platforms.ActiveCfg = Mac|Any CPU
		{D6CC2C60-BDF3-4379-A4C7-40AD6170A504}.Mac|Mixed Platforms.Build.0 = Mac|Any CPU
		{D6CC2C60-BDF3-4379-A4C7-40AD6170A504}.Mac|x64.ActiveCfg = Mac|Any CPU
		{D6CC2C60-BDF3-4379-A4C7-40AD6170A504}.Mac|x86.ActiveCfg = Mac|Any CPU
		{D6CC2C60-BDF3-4379-A4C7-40AD6170A504}.Mac|x86.Build.0 = Mac|Any CPU
		{D6CC2C60-BDF3-4379-A4C7-40AD6170A504}.Release|Any CPU.ActiveCfg = Release|Any CPU
		{D6CC2C60-BDF3-4379-A4C7-40AD6170A504}.Release|Any CPU.Build.0 = Release|Any CPU
		{D6CC2C60-BDF3-4379-A4C7-40AD6170A504}.Release|Mixed Platforms.ActiveCfg = Release|Any CPU
		{D6CC2C60-BDF3-4379-A4C7-40AD6170A504}.Release|Mixed Platforms.Build.0 = Release|Any CPU
		{D6CC2C60-BDF3-4379-A4C7-40AD6170A504}.Release|x64.ActiveCfg = Release|Any CPU
		{D6CC2C60-BDF3-4379-A4C7-40AD6170A504}.Release|x86.ActiveCfg = Release|Any CPU
		{D6CC2C60-BDF3-4379-A4C7-40AD6170A504}.Release|x86.Build.0 = Release|Any CPU
		{D6CC2C60-BDF3-4379-A4C7-40AD6170A504}.Windows|Any CPU.ActiveCfg = Windows|Any CPU
		{D6CC2C60-BDF3-4379-A4C7-40AD6170A504}.Windows|Mixed Platforms.ActiveCfg = Windows|Any CPU
		{D6CC2C60-BDF3-4379-A4C7-40AD6170A504}.Windows|x64.ActiveCfg = Windows|Any CPU
		{D6CC2C60-BDF3-4379-A4C7-40AD6170A504}.Windows|x86.ActiveCfg = Windows|Any CPU
		{D6CC2C60-BDF3-4379-A4C7-40AD6170A504}.Windows|x86.Build.0 = Windows|Any CPU
	EndGlobalSection
	GlobalSection(SolutionProperties) = preSolution
		HideSolutionNode = FALSE
	EndGlobalSection
EndGlobal
